PODS:
  - Api (0.1.0):
    - AYDispatcher
  - AYDispatcher (1.0.0)
  - ModuleA (0.1.0):
    - AYDispatcher
  - ModuleB (0.1.0):
    - AYDispatcher

DEPENDENCIES:
  - Api (from `Modules/Api`)
  - AYDispatcher (from `../`)
  - ModuleA (from `Modules/ModuleA`)
  - ModuleB (from `Modules/ModuleB`)

EXTERNAL SOURCES:
  Api:
    :path: Modules/Api
  AYDispatcher:
    :path: "../"
  ModuleA:
    :path: Modules/ModuleA
  ModuleB:
    :path: Modules/ModuleB

SPEC CHECKSUMS:
  Api: a1c035f164a37938a58d9f110e426659a17cd36f
  AYDispatcher: c2338eb4cf2d23def349c900093d798c845a31ef
  ModuleA: dbca4194142ae53596586adafdf8ba90eb75cf2a
  ModuleB: 2f159ef61667444254cd6080130527cacfb5f2cd

PODFILE CHECKSUM: 0652598a422d0294485a4b8b3bd19b9a2b198e20

COCOAPODS: 1.0.1
